
Microsoft Visual Studio Solution File, Format Version 12.00
# Visual Studio 15
VisualStudioVersion = 15.0.28307.168
MinimumVisualStudioVersion = 10.0.40219.1
Project("{FAE04EC0-301F-11D3-BF4B-00C04F79EFBC}") = "pi183_20190914_Console", "pi183_20190914_Console\pi183_20190914_Console.csproj", "{1AC99AF2-9072-4EE9-8242-DE35F8C11710}"
EndProject
Project("{FAE04EC0-301F-11D3-BF4B-00C04F79EFBC}") = "pi183_20190914_WinForms", "pi183_20190914_WinForms\pi183_20190914_WinForms.csproj", "{FF597902-E797-498A-91FF-E440FF9D5E3B}"
EndProject
Global
	GlobalSection(SolutionConfigurationPlatforms) = preSolution
		Debug|Any CPU = Debug|Any CPU
		Release|Any CPU = Release|Any CPU
	EndGlobalSection
	GlobalSection(ProjectConfigurationPlatforms) = postSolution
		{1AC99AF2-9072-4EE9-8242-DE35F8C11710}.Debug|Any CPU.ActiveCfg = Debug|Any CPU
		{1AC99AF2-9072-4EE9-8242-DE35F8C11710}.Debug|Any CPU.Build.0 = Debug|Any CPU
		{1AC99AF2-9072-4EE9-8242-DE35F8C11710}.Release|Any CPU.ActiveCfg = Release|Any CPU
		{1AC99AF2-9072-4EE9-8242-DE35F8C11710}.Release|Any CPU.Build.0 = Release|Any CPU
		{FF597902-E797-498A-91FF-E440FF9D5E3B}.Debug|Any CPU.ActiveCfg = Debug|Any CPU
		{FF597902-E797-498A-91FF-E440FF9D5E3B}.Debug|Any CPU.Build.0 = Debug|Any CPU
		{FF597902-E797-498A-91FF-E440FF9D5E3B}.Release|Any CPU.ActiveCfg = Release|Any CPU
		{FF597902-E797-498A-91FF-E440FF9D5E3B}.Release|Any CPU.Build.0 = Release|Any CPU
	EndGlobalSection
	GlobalSection(SolutionProperties) = preSolution
		HideSolutionNode = FALSE
	EndGlobalSection
	GlobalSection(ExtensibilityGlobals) = postSolution
		SolutionGuid = {76D8CBA6-9DCC-4916-9F77-97F4A79A4ADD}
	EndGlobalSection
EndGlobal
